
Microsoft Visual Studio Solution File, Format Version 12.00
# Visual Studio Version 16
VisualStudioVersion = 16.0.30907.101
MinimumVisualStudioVersion = 10.0.40219.1
Project("{9A19103F-16F7-4668-BE54-9A1E7A4F7556}") = "Entities", "Entities\Entities.csproj", "{84276AB3-7560-4A60-A45E-3AAAC8D598DC}"
EndProject
Project("{9A19103F-16F7-4668-BE54-9A1E7A4F7556}") = "DataAccess", "DataAccess\DataAccess.csproj", "{82A746B2-1B9F-4CE8-9A07-B277A86379B5}"
EndProject
Project("{9A19103F-16F7-4668-BE54-9A1E7A4F7556}") = "Business", "Business\Business.csproj", "{DB6F8217-3A1F-4A5B-8B19-11FFE9E24D0E}"
EndProject
Project("{9A19103F-16F7-4668-BE54-9A1E7A4F7556}") = "ConsoleUI", "ConsoleUI\ConsoleUI.csproj", "{83B6E7BC-266A-4FF3-A839-D2334715B5D4}"
EndProject
Project("{9A19103F-16F7-4668-BE54-9A1E7A4F7556}") = "Core", "Core\Core.csproj", "{6C05D66A-A1B5-4804-929A-E601CD3579E8}"
EndProject
Project("{FAE04EC0-301F-11D3-BF4B-00C04F79EFBC}") = "WebAPI", "WebAPI\WebAPI.csproj", "{EF544FD2-AC59-4452-A220-946CE80C5924}"
EndProject
Global
	GlobalSection(SolutionConfigurationPlatforms) = preSolution
		Debug|Any CPU = Debug|Any CPU
		Release|Any CPU = Release|Any CPU
	EndGlobalSection
	GlobalSection(ProjectConfigurationPlatforms) = postSolution
		{84276AB3-7560-4A60-A45E-3AAAC8D598DC}.Debug|Any CPU.ActiveCfg = Debug|Any CPU
		{84276AB3-7560-4A60-A45E-3AAAC8D598DC}.Debug|Any CPU.Build.0 = Debug|Any CPU
		{84276AB3-7560-4A60-A45E-3AAAC8D598DC}.Release|Any CPU.ActiveCfg = Release|Any CPU
		{84276AB3-7560-4A60-A45E-3AAAC8D598DC}.Release|Any CPU.Build.0 = Release|Any CPU
		{82A746B2-1B9F-4CE8-9A07-B277A86379B5}.Debug|Any CPU.ActiveCfg = Debug|Any CPU
		{82A746B2-1B9F-4CE8-9A07-B277A86379B5}.Debug|Any CPU.Build.0 = Debug|Any CPU
		{82A746B2-1B9F-4CE8-9A07-B277A86379B5}.Release|Any CPU.ActiveCfg = Release|Any CPU
		{82A746B2-1B9F-4CE8-9A07-B277A86379B5}.Release|Any CPU.Build.0 = Release|Any CPU
		{DB6F8217-3A1F-4A5B-8B19-11FFE9E24D0E}.Debug|Any CPU.ActiveCfg = Debug|Any CPU
		{DB6F8217-3A1F-4A5B-8B19-11FFE9E24D0E}.Debug|Any CPU.Build.0 = Debug|Any CPU
		{DB6F8217-3A1F-4A5B-8B19-11FFE9E24D0E}.Release|Any CPU.ActiveCfg = Release|Any CPU
		{DB6F8217-3A1F-4A5B-8B19-11FFE9E24D0E}.Release|Any CPU.Build.0 = Release|Any CPU
		{83B6E7BC-266A-4FF3-A839-D2334715B5D4}.Debug|Any CPU.ActiveCfg = Debug|Any CPU
		{83B6E7BC-266A-4FF3-A839-D2334715B5D4}.Debug|Any CPU.Build.0 = Debug|Any CPU
		{83B6E7BC-266A-4FF3-A839-D2334715B5D4}.Release|Any CPU.ActiveCfg = Release|Any CPU
		{83B6E7BC-266A-4FF3-A839-D2334715B5D4}.Release|Any CPU.Build.0 = Release|Any CPU
		{6C05D66A-A1B5-4804-929A-E601CD3579E8}.Debug|Any CPU.ActiveCfg = Debug|Any CPU
		{6C05D66A-A1B5-4804-929A-E601CD3579E8}.Debug|Any CPU.Build.0 = Debug|Any CPU
		{6C05D66A-A1B5-4804-929A-E601CD3579E8}.Release|Any CPU.ActiveCfg = Release|Any CPU
		{6C05D66A-A1B5-4804-929A-E601CD3579E8}.Release|Any CPU.Build.0 = Release|Any CPU
		{EF544FD2-AC59-4452-A220-946CE80C5924}.Debug|Any CPU.ActiveCfg = Debug|Any CPU
		{EF544FD2-AC59-4452-A220-946CE80C5924}.Debug|Any CPU.Build.0 = Debug|Any CPU
		{EF544FD2-AC59-4452-A220-946CE80C5924}.Release|Any CPU.ActiveCfg = Release|Any CPU
		{EF544FD2-AC59-4452-A220-946CE80C5924}.Release|Any CPU.Build.0 = Release|Any CPU
	EndGlobalSection
	GlobalSection(SolutionProperties) = preSolution
		HideSolutionNode = FALSE
	EndGlobalSection
	GlobalSection(ExtensibilityGlobals) = postSolution
		SolutionGuid = {FD805D79-AE55-48F1-8CF3-8E24B3DE4A84}
	EndGlobalSection
EndGlobal
